<?xml version="1.0" encoding="utf-8"?>
<Project ToolsVersion="4.0" xmlns="http://schemas.microsoft.com/developer/msbuild/2003">
  <ItemGroup>
    <Filter Include="Sources">
      <UniqueIdentifier>{8b7ed093-66ce-4096-96d2-fbb9faa4bf52}</UniqueIdentifier>
    </Filter>
    <Filter Include="Sources\Modules">
      <UniqueIdentifier>{7b418be2-1631-4a31-9ef2-8a8b234a7339}</UniqueIdentifier>
    </Filter>
    <Filter Include="Externals">
      <UniqueIdentifier>{4f29327d-0e21-4956-9f87-dabefda99222}</UniqueIdentifier>
    </Filter>
    <Filter Include="Externals\MathGeoLib">
      <UniqueIdentifier>{6ea76a34-6773-48ca-9549-9d577a5fa296}</UniqueIdentifier>
    </Filter>
    <Filter Include="Externals\MathGeoLib\Geometry">
      <UniqueIdentifier>{4147b4a8-944d-4709-9472-487fe3a4158e}</UniqueIdentifier>
    </Filter>
    <Filter Include="Externals\MathGeoLib\Algorithm">
      <UniqueIdentifier>{3a6129ff-2ac3-43a8-a55f-13646d6fe513}</UniqueIdentifier>
    </Filter>
    <Filter Include="Externals\MathGeoLib\Algorithm\Random">
      <UniqueIdentifier>{fab3c220-35ca-45b8-a0e0-fc6bbd2bf19d}</UniqueIdentifier>
    </Filter>
    <Filter Include="Externals\MathGeoLib\Math">
      <UniqueIdentifier>{17dd7ecd-6265-4912-beb0-af8c9268cf20}</UniqueIdentifier>
    </Filter>
    <Filter Include="Externals\MathGeoLib\Time">
      <UniqueIdentifier>{1d07a7ae-7541-4ebe-8134-5a5b5b6088ca}</UniqueIdentifier>
    </Filter>
    <Filter Include="Sources\Importers">
      <UniqueIdentifier>{5c672c23-3160-488b-b85e-db60521f6a49}</UniqueIdentifier>
    </Filter>
    <Filter Include="Sources\GameObject">
      <UniqueIdentifier>{4d0764d0-039b-45f6-a8bc-2519764af026}</UniqueIdentifier>
    </Filter>
    <Filter Include="Sources\Scene">
      <UniqueIdentifier>{c9d27834-56b4-44a2-940b-f95b270cf006}</UniqueIdentifier>
    </Filter>
    <Filter Include="Sources\Utils">
      <UniqueIdentifier>{13e7c074-fde2-4ae7-9d89-ae6f431d6a1b}</UniqueIdentifier>
    </Filter>
    <Filter Include="Sources\Utils\Containers">
      <UniqueIdentifier>{afc36133-f401-499a-aa33-0da1e500fb52}</UniqueIdentifier>
    </Filter>
    <Filter Include="Sources\Utils\Helpers">
      <UniqueIdentifier>{121f8e6b-df36-4ab0-be0d-601ddfc9e503}</UniqueIdentifier>
    </Filter>
    <Filter Include="Sources\Utils\Tools">
      <UniqueIdentifier>{7e4dfaf7-022c-4f7d-92aa-f3b3fa9d6248}</UniqueIdentifier>
    </Filter>
    <Filter Include="Externals\parson">
      <UniqueIdentifier>{ae731301-8bf9-4b11-b1fc-afa7ae618cc3}</UniqueIdentifier>
    </Filter>
    <Filter Include="Externals\ImGui">
      <UniqueIdentifier>{7f28cfa7-8b87-4bc2-b687-4ebfd58d265c}</UniqueIdentifier>
    </Filter>
    <Filter Include="Externals\ImGui\backends">
      <UniqueIdentifier>{6a0b837b-2041-4e10-a91e-65bb53cd5bda}</UniqueIdentifier>
    </Filter>
    <Filter Include="Externals\mmgr">
      <UniqueIdentifier>{bf938baf-71a4-423e-9ba1-90e88a33d83d}</UniqueIdentifier>
    </Filter>
    <Filter Include="Externals\ImGui\misc">
      <UniqueIdentifier>{e7de0dd9-b7a9-4752-9b57-6fbbec8bfedc}</UniqueIdentifier>
    </Filter>
    <Filter Include="Externals\Deviceld">
      <UniqueIdentifier>{35ce13ec-e7de-411c-991b-7fab47855320}</UniqueIdentifier>
    </Filter>
  </ItemGroup>
  <ItemGroup>
    <ClInclude Include="MathGeoLib\include\MathBuildConfig.h">
      <Filter>Externals\MathGeoLib</Filter>
    </ClInclude>
    <ClInclude Include="MathGeoLib\include\MathGeoLib.h">
      <Filter>Externals\MathGeoLib</Filter>
    </ClInclude>
    <ClInclude Include="MathGeoLib\include\MathGeoLibFwd.h">
      <Filter>Externals\MathGeoLib</Filter>
    </ClInclude>
    <ClInclude Include="MathGeoLib\include\Geometry\AABB.h">
      <Filter>Externals\MathGeoLib\Geometry</Filter>
    </ClInclude>
    <ClInclude Include="MathGeoLib\include\Geometry\AABB2D.h">
      <Filter>Externals\MathGeoLib\Geometry</Filter>
    </ClInclude>
    <ClInclude Include="MathGeoLib\include\Geometry\Capsule.h">
      <Filter>Externals\MathGeoLib\Geometry</Filter>
    </ClInclude>
    <ClInclude Include="MathGeoLib\include\Geometry\Circle.h">
      <Filter>Externals\MathGeoLib\Geometry</Filter>
    </ClInclude>
    <ClInclude Include="MathGeoLib\include\Geometry\Cone.h">
      <Filter>Externals\MathGeoLib\Geometry</Filter>
    </ClInclude>
    <ClInclude Include="MathGeoLib\include\Geometry\Cylinder.h">
      <Filter>Externals\MathGeoLib\Geometry</Filter>
    </ClInclude>
    <ClInclude Include="MathGeoLib\include\Geometry\Frustum.h">
      <Filter>Externals\MathGeoLib\Geometry</Filter>
    </ClInclude>
    <ClInclude Include="MathGeoLib\include\Geometry\GeometryAll.h">
      <Filter>Externals\MathGeoLib\Geometry</Filter>
    </ClInclude>
    <ClInclude Include="MathGeoLib\include\Geometry\GeomType.h">
      <Filter>Externals\MathGeoLib\Geometry</Filter>
    </ClInclude>
    <ClInclude Include="MathGeoLib\include\Geometry\HitInfo.h">
      <Filter>Externals\MathGeoLib\Geometry</Filter>
    </ClInclude>
    <ClInclude Include="MathGeoLib\include\Geometry\KDTree.h">
      <Filter>Externals\MathGeoLib\Geometry</Filter>
    </ClInclude>
    <ClInclude Include="MathGeoLib\include\Geometry\Line.h">
      <Filter>Externals\MathGeoLib\Geometry</Filter>
    </ClInclude>
    <ClInclude Include="MathGeoLib\include\Geometry\LineSegment.h">
      <Filter>Externals\MathGeoLib\Geometry</Filter>
    </ClInclude>
    <ClInclude Include="MathGeoLib\include\Geometry\OBB.h">
      <Filter>Externals\MathGeoLib\Geometry</Filter>
    </ClInclude>
    <ClInclude Include="MathGeoLib\include\Geometry\PBVolume.h">
      <Filter>Externals\MathGeoLib\Geometry</Filter>
    </ClInclude>
    <ClInclude Include="MathGeoLib\include\Geometry\Plane.h">
      <Filter>Externals\MathGeoLib\Geometry</Filter>
    </ClInclude>
    <ClInclude Include="MathGeoLib\include\Geometry\Polygon.h">
      <Filter>Externals\MathGeoLib\Geometry</Filter>
    </ClInclude>
    <ClInclude Include="MathGeoLib\include\Geometry\Polyhedron.h">
      <Filter>Externals\MathGeoLib\Geometry</Filter>
    </ClInclude>
    <ClInclude Include="MathGeoLib\include\Geometry\QuadTree.h">
      <Filter>Externals\MathGeoLib\Geometry</Filter>
    </ClInclude>
    <ClInclude Include="MathGeoLib\include\Geometry\Ray.h">
      <Filter>Externals\MathGeoLib\Geometry</Filter>
    </ClInclude>
    <ClInclude Include="MathGeoLib\include\Geometry\Sphere.h">
      <Filter>Externals\MathGeoLib\Geometry</Filter>
    </ClInclude>
    <ClInclude Include="MathGeoLib\include\Geometry\Triangle.h">
      <Filter>Externals\MathGeoLib\Geometry</Filter>
    </ClInclude>
    <ClInclude Include="MathGeoLib\include\Geometry\TriangleMesh.h">
      <Filter>Externals\MathGeoLib\Geometry</Filter>
    </ClInclude>
    <ClInclude Include="MathGeoLib\include\Algorithm\Random\LCG.h">
      <Filter>Externals\MathGeoLib\Algorithm\Random</Filter>
    </ClInclude>
    <ClInclude Include="MathGeoLib\include\Math\TransformOps.h">
      <Filter>Externals\MathGeoLib\Math</Filter>
    </ClInclude>
    <ClInclude Include="MathGeoLib\include\Math\assume.h">
      <Filter>Externals\MathGeoLib\Math</Filter>
    </ClInclude>
    <ClInclude Include="MathGeoLib\include\Math\BitOps.h">
      <Filter>Externals\MathGeoLib\Math</Filter>
    </ClInclude>
    <ClInclude Include="MathGeoLib\include\Math\Complex.h">
      <Filter>Externals\MathGeoLib\Math</Filter>
    </ClInclude>
    <ClInclude Include="MathGeoLib\include\Math\CoordinateAxisConvention.h">
      <Filter>Externals\MathGeoLib\Math</Filter>
    </ClInclude>
    <ClInclude Include="MathGeoLib\include\Math\FixedPoint.h">
      <Filter>Externals\MathGeoLib\Math</Filter>
    </ClInclude>
    <ClInclude Include="MathGeoLib\include\Math\float2.h">
      <Filter>Externals\MathGeoLib\Math</Filter>
    </ClInclude>
    <ClInclude Include="MathGeoLib\include\Math\float3.h">
      <Filter>Externals\MathGeoLib\Math</Filter>
    </ClInclude>
    <ClInclude Include="MathGeoLib\include\Math\float3x3.h">
      <Filter>Externals\MathGeoLib\Math</Filter>
    </ClInclude>
    <ClInclude Include="MathGeoLib\include\Math\float3x4.h">
      <Filter>Externals\MathGeoLib\Math</Filter>
    </ClInclude>
    <ClInclude Include="MathGeoLib\include\Math\float4.h">
      <Filter>Externals\MathGeoLib\Math</Filter>
    </ClInclude>
    <ClInclude Include="MathGeoLib\include\Math\float4_neon.h">
      <Filter>Externals\MathGeoLib\Math</Filter>
    </ClInclude>
    <ClInclude Include="MathGeoLib\include\Math\float4_sse.h">
      <Filter>Externals\MathGeoLib\Math</Filter>
    </ClInclude>
    <ClInclude Include="MathGeoLib\include\Math\float4x4.h">
      <Filter>Externals\MathGeoLib\Math</Filter>
    </ClInclude>
    <ClInclude Include="MathGeoLib\include\Math\float4x4_neon.h">
      <Filter>Externals\MathGeoLib\Math</Filter>
    </ClInclude>
    <ClInclude Include="MathGeoLib\include\Math\float4x4_sse.h">
      <Filter>Externals\MathGeoLib\Math</Filter>
    </ClInclude>
    <ClInclude Include="MathGeoLib\include\Math\FloatCmp.h">
      <Filter>Externals\MathGeoLib\Math</Filter>
    </ClInclude>
    <ClInclude Include="MathGeoLib\include\Math\MathAll.h">
      <Filter>Externals\MathGeoLib\Math</Filter>
    </ClInclude>
    <ClInclude Include="MathGeoLib\include\Math\MathConstants.h">
      <Filter>Externals\MathGeoLib\Math</Filter>
    </ClInclude>
    <ClInclude Include="MathGeoLib\include\Math\MathFunc.h">
      <Filter>Externals\MathGeoLib\Math</Filter>
    </ClInclude>
    <ClInclude Include="MathGeoLib\include\Math\MathLog.h">
      <Filter>Externals\MathGeoLib\Math</Filter>
    </ClInclude>
    <ClInclude Include="MathGeoLib\include\Math\MathNamespace.h">
      <Filter>Externals\MathGeoLib\Math</Filter>
    </ClInclude>
    <ClInclude Include="MathGeoLib\include\Math\MathTypes.h">
      <Filter>Externals\MathGeoLib\Math</Filter>
    </ClInclude>
    <ClInclude Include="MathGeoLib\include\Math\MatrixProxy.h">
      <Filter>Externals\MathGeoLib\Math</Filter>
    </ClInclude>
    <ClInclude Include="MathGeoLib\include\Math\myassert.h">
      <Filter>Externals\MathGeoLib\Math</Filter>
    </ClInclude>
    <ClInclude Include="MathGeoLib\include\Math\Polynomial.h">
      <Filter>Externals\MathGeoLib\Math</Filter>
    </ClInclude>
    <ClInclude Include="MathGeoLib\include\Math\Quat.h">
      <Filter>Externals\MathGeoLib\Math</Filter>
    </ClInclude>
    <ClInclude Include="MathGeoLib\include\Math\quat_simd.h">
      <Filter>Externals\MathGeoLib\Math</Filter>
    </ClInclude>
    <ClInclude Include="MathGeoLib\include\Math\Rect.h">
      <Filter>Externals\MathGeoLib\Math</Filter>
    </ClInclude>
    <ClInclude Include="MathGeoLib\include\Math\Reinterpret.h">
      <Filter>Externals\MathGeoLib\Math</Filter>
    </ClInclude>
    <ClInclude Include="MathGeoLib\include\Math\sse_mathfun.h">
      <Filter>Externals\MathGeoLib\Math</Filter>
    </ClInclude>
    <ClInclude Include="MathGeoLib\include\Math\SSEMath.h">
      <Filter>Externals\MathGeoLib\Math</Filter>
    </ClInclude>
    <ClInclude Include="MathGeoLib\include\Time\Clock.h">
      <Filter>Externals\MathGeoLib\Time</Filter>
    </ClInclude>
    <ClInclude Include="ImGui\imconfig.h">
      <Filter>Externals\ImGui</Filter>
    </ClInclude>
    <ClInclude Include="ImGui\imgui.h">
      <Filter>Externals\ImGui</Filter>
    </ClInclude>
    <ClInclude Include="ImGui\imgui_internal.h">
      <Filter>Externals\ImGui</Filter>
    </ClInclude>
    <ClInclude Include="ImGui\imstb_rectpack.h">
      <Filter>Externals\ImGui</Filter>
    </ClInclude>
    <ClInclude Include="ImGui\imstb_textedit.h">
      <Filter>Externals\ImGui</Filter>
    </ClInclude>
    <ClInclude Include="ImGui\imstb_truetype.h">
      <Filter>Externals\ImGui</Filter>
    </ClInclude>
    <ClInclude Include="ImGui\backends\imgui_impl_opengl3.h">
      <Filter>Externals\ImGui\backends</Filter>
    </ClInclude>
    <ClInclude Include="ImGui\backends\imgui_impl_opengl3_loader.h">
      <Filter>Externals\ImGui\backends</Filter>
    </ClInclude>
    <ClInclude Include="Source\Module.h">
      <Filter>Sources\Modules</Filter>
    </ClInclude>
    <ClInclude Include="Source\ModuleCamera3D.h">
      <Filter>Sources\Modules</Filter>
    </ClInclude>
    <ClInclude Include="Source\ModuleInput.h">
      <Filter>Sources\Modules</Filter>
    </ClInclude>
    <ClInclude Include="Source\ModuleRenderer3D.h">
      <Filter>Sources\Modules</Filter>
    </ClInclude>
    <ClInclude Include="Source\ModuleWindow.h">
      <Filter>Sources\Modules</Filter>
    </ClInclude>
    <ClInclude Include="Source\Timer.h">
      <Filter>Sources\Utils\Tools</Filter>
    </ClInclude>
    <ClInclude Include="Source\Application.h">
      <Filter>Sources</Filter>
    </ClInclude>
    <ClInclude Include="Source\Globals.h">
      <Filter>Sources</Filter>
    </ClInclude>
    <ClInclude Include="Source\glmath.h">
      <Filter>Externals</Filter>
    </ClInclude>
    <ClInclude Include="Source\Color.h">
      <Filter>Sources\Utils\Containers</Filter>
    </ClInclude>
    <ClInclude Include="Source\Light.h">
      <Filter>Sources\Utils\Helpers</Filter>
    </ClInclude>
    <ClInclude Include="Source\Primitive.h">
      <Filter>Sources\Utils\Helpers</Filter>
    </ClInclude>
    <ClInclude Include="ImGui\backends\imgui_impl_sdl2.h">
      <Filter>Externals\ImGui\backends</Filter>
    </ClInclude>
    <ClInclude Include="Source\ModuleEditor.h">
      <Filter>Sources\Modules</Filter>
    </ClInclude>
    <ClInclude Include="parson\parson.h">
      <Filter>Externals\parson</Filter>
    </ClInclude>
    <ClInclude Include="mmgr\nommgr.h">
      <Filter>Externals\mmgr</Filter>
    </ClInclude>
    <ClInclude Include="mmgr\mmgr.h">
      <Filter>Externals\mmgr</Filter>
    </ClInclude>
    <ClInclude Include="Assimp\Assimp.h">
      <Filter>Sources\Importers</Filter>
    </ClInclude>
    <ClInclude Include="Source\GameObject.h">
      <Filter>Sources\GameObject</Filter>
    </ClInclude>
    <ClInclude Include="Source\Component.h">
      <Filter>Sources\GameObject</Filter>
    </ClInclude>
    <ClInclude Include="Source\ModuleScene.h">
      <Filter>Sources\Scene</Filter>
    </ClInclude>
    <ClInclude Include="Source\ImGuiWindows.h">
      <Filter>Sources\Scene</Filter>
    </ClInclude>
    <ClInclude Include="Source\C_Material.h">
      <Filter>Sources\GameObject</Filter>
    </ClInclude>
    <ClInclude Include="Source\C_Mesh.h">
      <Filter>Sources\GameObject</Filter>
    </ClInclude>
    <ClInclude Include="Source\C_Transform.h">
      <Filter>Sources\GameObject</Filter>
    </ClInclude>
    <ClInclude Include="ImGui\misc\cpp\imgui_stdlib.h">
      <Filter>Externals\ImGui\misc</Filter>
    </ClInclude>
    <ClInclude Include="ImGui\imgui_custom.h">
      <Filter>Externals\ImGui</Filter>
    </ClInclude>
    <ClInclude Include="Source\C_Camera.h">
      <Filter>Sources\GameObject</Filter>
    </ClInclude>
    <ClInclude Include="Deviceld\DeviceId.h">
      <Filter>Externals\Deviceld</Filter>
    </ClInclude>
    <ClInclude Include="resource.h" />
    <ClInclude Include="Source\MeshImporter.h">
      <Filter>Sources\Importers</Filter>
    </ClInclude>
  </ItemGroup>
  <ItemGroup>
    <ClCompile Include="MathGeoLib\include\Geometry\AABB.cpp">
      <Filter>Externals\MathGeoLib\Geometry</Filter>
    </ClCompile>
    <ClCompile Include="MathGeoLib\include\Geometry\Capsule.cpp">
      <Filter>Externals\MathGeoLib\Geometry</Filter>
    </ClCompile>
    <ClCompile Include="MathGeoLib\include\Geometry\Circle.cpp">
      <Filter>Externals\MathGeoLib\Geometry</Filter>
    </ClCompile>
    <ClCompile Include="MathGeoLib\include\Geometry\Cone.cpp">
      <Filter>Externals\MathGeoLib\Geometry</Filter>
    </ClCompile>
    <ClCompile Include="MathGeoLib\include\Geometry\Cylinder.cpp">
      <Filter>Externals\MathGeoLib\Geometry</Filter>
    </ClCompile>
    <ClCompile Include="MathGeoLib\include\Geometry\Frustum.cpp">
      <Filter>Externals\MathGeoLib\Geometry</Filter>
    </ClCompile>
    <ClCompile Include="MathGeoLib\include\Geometry\Line.cpp">
      <Filter>Externals\MathGeoLib\Geometry</Filter>
    </ClCompile>
    <ClCompile Include="MathGeoLib\include\Geometry\LineSegment.cpp">
      <Filter>Externals\MathGeoLib\Geometry</Filter>
    </ClCompile>
    <ClCompile Include="MathGeoLib\include\Geometry\OBB.cpp">
      <Filter>Externals\MathGeoLib\Geometry</Filter>
    </ClCompile>
    <ClCompile Include="MathGeoLib\include\Geometry\Plane.cpp">
      <Filter>Externals\MathGeoLib\Geometry</Filter>
    </ClCompile>
    <ClCompile Include="MathGeoLib\include\Geometry\Polygon.cpp">
      <Filter>Externals\MathGeoLib\Geometry</Filter>
    </ClCompile>
    <ClCompile Include="MathGeoLib\include\Geometry\Polyhedron.cpp">
      <Filter>Externals\MathGeoLib\Geometry</Filter>
    </ClCompile>
    <ClCompile Include="MathGeoLib\include\Geometry\Ray.cpp">
      <Filter>Externals\MathGeoLib\Geometry</Filter>
    </ClCompile>
    <ClCompile Include="MathGeoLib\include\Geometry\Sphere.cpp">
      <Filter>Externals\MathGeoLib\Geometry</Filter>
    </ClCompile>
    <ClCompile Include="MathGeoLib\include\Geometry\Triangle.cpp">
      <Filter>Externals\MathGeoLib\Geometry</Filter>
    </ClCompile>
    <ClCompile Include="MathGeoLib\include\Geometry\TriangleMesh.cpp">
      <Filter>Externals\MathGeoLib\Geometry</Filter>
    </ClCompile>
    <ClCompile Include="MathGeoLib\include\Algorithm\Random\LCG.cpp">
      <Filter>Externals\MathGeoLib\Algorithm\Random</Filter>
    </ClCompile>
    <ClCompile Include="MathGeoLib\include\Math\BitOps.cpp">
      <Filter>Externals\MathGeoLib\Math</Filter>
    </ClCompile>
    <ClCompile Include="MathGeoLib\include\Math\float2.cpp">
      <Filter>Externals\MathGeoLib\Math</Filter>
    </ClCompile>
    <ClCompile Include="MathGeoLib\include\Math\float3.cpp">
      <Filter>Externals\MathGeoLib\Math</Filter>
    </ClCompile>
    <ClCompile Include="MathGeoLib\include\Math\float3x3.cpp">
      <Filter>Externals\MathGeoLib\Math</Filter>
    </ClCompile>
    <ClCompile Include="MathGeoLib\include\Math\float3x4.cpp">
      <Filter>Externals\MathGeoLib\Math</Filter>
    </ClCompile>
    <ClCompile Include="MathGeoLib\include\Math\float4.cpp">
      <Filter>Externals\MathGeoLib\Math</Filter>
    </ClCompile>
    <ClCompile Include="MathGeoLib\include\Math\float4x4.cpp">
      <Filter>Externals\MathGeoLib\Math</Filter>
    </ClCompile>
    <ClCompile Include="MathGeoLib\include\Math\MathFunc.cpp">
      <Filter>Externals\MathGeoLib\Math</Filter>
    </ClCompile>
    <ClCompile Include="MathGeoLib\include\Math\MathLog.cpp">
      <Filter>Externals\MathGeoLib\Math</Filter>
    </ClCompile>
    <ClCompile Include="MathGeoLib\include\Math\MathOps.cpp">
      <Filter>Externals\MathGeoLib\Math</Filter>
    </ClCompile>
    <ClCompile Include="MathGeoLib\include\Math\Polynomial.cpp">
      <Filter>Externals\MathGeoLib\Math</Filter>
    </ClCompile>
    <ClCompile Include="MathGeoLib\include\Math\Quat.cpp">
      <Filter>Externals\MathGeoLib\Math</Filter>
    </ClCompile>
    <ClCompile Include="MathGeoLib\include\Math\SSEMath.cpp">
      <Filter>Externals\MathGeoLib\Math</Filter>
    </ClCompile>
    <ClCompile Include="MathGeoLib\include\Math\TransformOps.cpp">
      <Filter>Externals\MathGeoLib\Math</Filter>
    </ClCompile>
    <ClCompile Include="MathGeoLib\include\Time\Clock.cpp">
      <Filter>Externals\MathGeoLib\Time</Filter>
    </ClCompile>
    <ClCompile Include="ImGui\imgui.cpp">
      <Filter>Externals\ImGui</Filter>
    </ClCompile>
    <ClCompile Include="ImGui\imgui_demo.cpp">
      <Filter>Externals\ImGui</Filter>
    </ClCompile>
    <ClCompile Include="ImGui\imgui_draw.cpp">
      <Filter>Externals\ImGui</Filter>
    </ClCompile>
    <ClCompile Include="ImGui\imgui_tables.cpp">
      <Filter>Externals\ImGui</Filter>
    </ClCompile>
    <ClCompile Include="ImGui\imgui_widgets.cpp">
      <Filter>Externals\ImGui</Filter>
    </ClCompile>
    <ClCompile Include="ImGui\backends\imgui_impl_opengl3.cpp">
      <Filter>Externals\ImGui\backends</Filter>
    </ClCompile>
    <ClCompile Include="Source\ModuleCamera3D.cpp">
      <Filter>Sources\Modules</Filter>
    </ClCompile>
    <ClCompile Include="Source\ModuleInput.cpp">
      <Filter>Sources\Modules</Filter>
    </ClCompile>
    <ClCompile Include="Source\ModuleRenderer3D.cpp">
      <Filter>Sources\Modules</Filter>
    </ClCompile>
    <ClCompile Include="Source\ModuleWindow.cpp">
      <Filter>Sources\Modules</Filter>
    </ClCompile>
    <ClCompile Include="Source\log.cpp">
      <Filter>Sources\Utils\Tools</Filter>
    </ClCompile>
    <ClCompile Include="Source\Timer.cpp">
      <Filter>Sources\Utils\Tools</Filter>
    </ClCompile>
    <ClCompile Include="Source\Application.cpp">
      <Filter>Sources</Filter>
    </ClCompile>
    <ClCompile Include="Source\Main.cpp">
      <Filter>Sources</Filter>
    </ClCompile>
    <ClCompile Include="Source\glmath.cpp">
      <Filter>Externals</Filter>
    </ClCompile>
    <ClCompile Include="Source\Color.cpp">
      <Filter>Sources\Utils\Containers</Filter>
    </ClCompile>
    <ClCompile Include="Source\Light.cpp">
      <Filter>Sources\Utils\Helpers</Filter>
    </ClCompile>
    <ClCompile Include="Source\Primitive.cpp">
      <Filter>Sources\Utils\Helpers</Filter>
    </ClCompile>
    <ClCompile Include="ImGui\backends\imgui_impl_sdl2.cpp">
      <Filter>Externals\ImGui\backends</Filter>
    </ClCompile>
    <ClCompile Include="Source\ModuleEditor.cpp">
      <Filter>Sources\Modules</Filter>
    </ClCompile>
    <ClCompile Include="parson\parson.c">
      <Filter>Externals\parson</Filter>
    </ClCompile>
    <ClCompile Include="mmgr\mmgr.cpp">
      <Filter>Externals\mmgr</Filter>
    </ClCompile>
    <ClCompile Include="Assimp\Assimp.cpp">
      <Filter>Sources\Importers</Filter>
    </ClCompile>
    <ClCompile Include="Source\GameObject.cpp">
      <Filter>Sources\GameObject</Filter>
    </ClCompile>
    <ClCompile Include="Source\ModuleScene.cpp">
      <Filter>Sources\Scene</Filter>
    </ClCompile>
    <ClCompile Include="Source\ImGuiWindows.cpp">
      <Filter>Sources\Scene</Filter>
    </ClCompile>
    <ClCompile Include="Source\C_Material.cpp">
      <Filter>Sources\GameObject</Filter>
    </ClCompile>
    <ClCompile Include="Source\C_Mesh.cpp">
      <Filter>Sources\GameObject</Filter>
    </ClCompile>
    <ClCompile Include="Source\C_Transform.cpp">
      <Filter>Sources\GameObject</Filter>
    </ClCompile>
    <ClCompile Include="ImGui\misc\cpp\imgui_stdlib.cpp">
      <Filter>Externals\ImGui\misc</Filter>
    </ClCompile>
    <ClCompile Include="ImGui\imgui_custom.cpp">
      <Filter>Externals\ImGui</Filter>
    </ClCompile>
    <ClCompile Include="Source\C_Camera.cpp">
      <Filter>Sources\GameObject</Filter>
    </ClCompile>
    <ClCompile Include="Deviceld\DeviceId.cpp">
      <Filter>Externals\Deviceld</Filter>
    </ClCompile>
    <ClCompile Include="Source\Component.cpp">
      <Filter>Sources\GameObject</Filter>
    </ClCompile>
    <ClCompile Include="Source\MeshImporter.cpp">
      <Filter>Sources\Importers</Filter>
    </ClCompile>
  </ItemGroup>
  <ItemGroup>
    <None Include="MathGeoLib\include\Geometry\KDTree.inl">
      <Filter>Externals\MathGeoLib\Geometry</Filter>
    </None>
    <None Include="MathGeoLib\include\Geometry\QuadTree.inl">
      <Filter>Externals\MathGeoLib\Geometry</Filter>
    </None>
    <None Include="MathGeoLib\include\Geometry\TriangleMesh_IntersectRay_AVX.inl">
      <Filter>Externals\MathGeoLib\Geometry</Filter>
    </None>
    <None Include="MathGeoLib\include\Geometry\TriangleMesh_IntersectRay_CPP.inl">
      <Filter>Externals\MathGeoLib\Geometry</Filter>
    </None>
    <None Include="MathGeoLib\include\Geometry\TriangleMesh_IntersectRay_SSE.inl">
      <Filter>Externals\MathGeoLib\Geometry</Filter>
    </None>
    <None Include="MathGeoLib\include\Math\Matrix.inl">
      <Filter>Externals\MathGeoLib\Math</Filter>
    </None>
  </ItemGroup>
  <ItemGroup>
    <ResourceCompile Include="Pinky_Engine.rc" />
  </ItemGroup>
  <ItemGroup>
    <Image Include="Game\Assets\Pinky.ico" />
  </ItemGroup>
</Project>